
Microsoft Visual Studio Solution File, Format Version 12.00
# Visual Studio 14
VisualStudioVersion = 14.0.25420.1
MinimumVisualStudioVersion = 10.0.40219.1
Project("{2150E333-8FDC-42A3-9474-1A3956D46DE8}") = "DAL", "DAL", "{5CA998E0-4786-45B8-945D-065ECD15772F}"
EndProject
Project("{2150E333-8FDC-42A3-9474-1A3956D46DE8}") = "BLL", "BLL", "{00B03A4A-F2B6-4731-B8C1-CF61EF5F7BC5}"
EndProject
Project("{2150E333-8FDC-42A3-9474-1A3956D46DE8}") = "SITE", "SITE", "{2ACEF8EE-45B2-44B1-AF78-8A55301540C1}"
EndProject
Project("{2150E333-8FDC-42A3-9474-1A3956D46DE8}") = "SVC", "SVC", "{971C019D-53A0-4520-BAB7-854A8738BA74}"
EndProject
Project("{FAE04EC0-301F-11D3-BF4B-00C04F79EFBC}") = "LetsGo_BLL", "LetsGo_BLL\LetsGo_BLL.csproj", "{D542D0B6-B0D7-4CDF-BC43-D5F43A37F84C}"
EndProject
Project("{FAE04EC0-301F-11D3-BF4B-00C04F79EFBC}") = "LetsGo_DAL", "LetsGo_DAL\LetsGo_DAL.csproj", "{AFE3A031-04C9-4F9C-B4FD-05AA0E57DE5F}"
EndProject
Project("{FAE04EC0-301F-11D3-BF4B-00C04F79EFBC}") = "SVC_LetsGo", "SVC_LetsGo\SVC_LetsGo.csproj", "{AA1F4D7D-DB14-4BEE-BAA9-F5B7EB08CB75}"
EndProject
Project("{FAE04EC0-301F-11D3-BF4B-00C04F79EFBC}") = "SITE_LetsGo", "SITE_LetsGo\SITE_LetsGo.csproj", "{F5BF8AE0-23F6-4EBE-BE42-C98361452C1E}"
EndProject
Global
	GlobalSection(SolutionConfigurationPlatforms) = preSolution
		Debug|Any CPU = Debug|Any CPU
		Release|Any CPU = Release|Any CPU
	EndGlobalSection
	GlobalSection(ProjectConfigurationPlatforms) = postSolution
		{D542D0B6-B0D7-4CDF-BC43-D5F43A37F84C}.Debug|Any CPU.ActiveCfg = Debug|Any CPU
		{D542D0B6-B0D7-4CDF-BC43-D5F43A37F84C}.Debug|Any CPU.Build.0 = Debug|Any CPU
		{D542D0B6-B0D7-4CDF-BC43-D5F43A37F84C}.Release|Any CPU.ActiveCfg = Release|Any CPU
		{D542D0B6-B0D7-4CDF-BC43-D5F43A37F84C}.Release|Any CPU.Build.0 = Release|Any CPU
		{AFE3A031-04C9-4F9C-B4FD-05AA0E57DE5F}.Debug|Any CPU.ActiveCfg = Debug|Any CPU
		{AFE3A031-04C9-4F9C-B4FD-05AA0E57DE5F}.Debug|Any CPU.Build.0 = Debug|Any CPU
		{AFE3A031-04C9-4F9C-B4FD-05AA0E57DE5F}.Release|Any CPU.ActiveCfg = Release|Any CPU
		{AFE3A031-04C9-4F9C-B4FD-05AA0E57DE5F}.Release|Any CPU.Build.0 = Release|Any CPU
		{AA1F4D7D-DB14-4BEE-BAA9-F5B7EB08CB75}.Debug|Any CPU.ActiveCfg = Debug|Any CPU
		{AA1F4D7D-DB14-4BEE-BAA9-F5B7EB08CB75}.Debug|Any CPU.Build.0 = Debug|Any CPU
		{AA1F4D7D-DB14-4BEE-BAA9-F5B7EB08CB75}.Release|Any CPU.ActiveCfg = Release|Any CPU
		{AA1F4D7D-DB14-4BEE-BAA9-F5B7EB08CB75}.Release|Any CPU.Build.0 = Release|Any CPU
		{F5BF8AE0-23F6-4EBE-BE42-C98361452C1E}.Debug|Any CPU.ActiveCfg = Debug|Any CPU
		{F5BF8AE0-23F6-4EBE-BE42-C98361452C1E}.Debug|Any CPU.Build.0 = Debug|Any CPU
		{F5BF8AE0-23F6-4EBE-BE42-C98361452C1E}.Release|Any CPU.ActiveCfg = Release|Any CPU
		{F5BF8AE0-23F6-4EBE-BE42-C98361452C1E}.Release|Any CPU.Build.0 = Release|Any CPU
	EndGlobalSection
	GlobalSection(SolutionProperties) = preSolution
		HideSolutionNode = FALSE
	EndGlobalSection
	GlobalSection(NestedProjects) = preSolution
		{D542D0B6-B0D7-4CDF-BC43-D5F43A37F84C} = {00B03A4A-F2B6-4731-B8C1-CF61EF5F7BC5}
		{AFE3A031-04C9-4F9C-B4FD-05AA0E57DE5F} = {5CA998E0-4786-45B8-945D-065ECD15772F}
		{AA1F4D7D-DB14-4BEE-BAA9-F5B7EB08CB75} = {971C019D-53A0-4520-BAB7-854A8738BA74}
		{F5BF8AE0-23F6-4EBE-BE42-C98361452C1E} = {2ACEF8EE-45B2-44B1-AF78-8A55301540C1}
	EndGlobalSection
EndGlobal
