
Microsoft Visual Studio Solution File, Format Version 12.00
# Visual Studio 2012
Project("{2150E333-8FDC-42A3-9474-1A3956D46DE8}") = "PL", "PL", "{ECF65E67-32F7-446D-81FA-238E208D11E5}"
EndProject
Project("{FAE04EC0-301F-11D3-BF4B-00C04F79EFBC}") = "PL", "PL\PL.csproj", "{47CE3218-323B-485E-A2E6-993A845825C8}"
EndProject
Global
	GlobalSection(SolutionConfigurationPlatforms) = preSolution
		Debug|Any CPU = Debug|Any CPU
		Release|Any CPU = Release|Any CPU
	EndGlobalSection
	GlobalSection(ProjectConfigurationPlatforms) = postSolution
		{47CE3218-323B-485E-A2E6-993A845825C8}.Debug|Any CPU.ActiveCfg = Debug|Any CPU
		{47CE3218-323B-485E-A2E6-993A845825C8}.Debug|Any CPU.Build.0 = Debug|Any CPU
		{47CE3218-323B-485E-A2E6-993A845825C8}.Release|Any CPU.ActiveCfg = Release|Any CPU
		{47CE3218-323B-485E-A2E6-993A845825C8}.Release|Any CPU.Build.0 = Release|Any CPU
	EndGlobalSection
	GlobalSection(SolutionProperties) = preSolution
		HideSolutionNode = FALSE
	EndGlobalSection
	GlobalSection(NestedProjects) = preSolution
		{47CE3218-323B-485E-A2E6-993A845825C8} = {ECF65E67-32F7-446D-81FA-238E208D11E5}
	EndGlobalSection
EndGlobal
