
Microsoft Visual Studio Solution File, Format Version 12.00
# Visual Studio 14
VisualStudioVersion = 14.0.25420.1
MinimumVisualStudioVersion = 10.0.40219.1
Project("{2150E333-8FDC-42A3-9474-1A3956D46DE8}") = "PL", "PL", "{D4A0F3E5-75A2-4A23-85EB-A79D7F794261}"
EndProject
Project("{FAE04EC0-301F-11D3-BF4B-00C04F79EFBC}") = "PL", "PL\PL.csproj", "{78EE9F5F-262D-4868-9C68-81687B2D2C9C}"
EndProject
Project("{2150E333-8FDC-42A3-9474-1A3956D46DE8}") = "BLL", "BLL", "{B5DDCC7C-7475-44C9-8604-5CFF1939B04E}"
EndProject
Project("{2150E333-8FDC-42A3-9474-1A3956D46DE8}") = "DAL", "DAL", "{E98360C2-E1C7-4EEB-9D17-0A7E5FBC9676}"
EndProject
Project("{FAE04EC0-301F-11D3-BF4B-00C04F79EFBC}") = "BLL_LetsGO", "BLL_LetsGO\BLL_LetsGO.csproj", "{5B0B6803-E8E6-4F39-AACC-6538E1F5B3C8}"
EndProject
Project("{FAE04EC0-301F-11D3-BF4B-00C04F79EFBC}") = "DAL_LetsGO", "DAL_LetsGO\DAL_LetsGO.csproj", "{4263A29A-6545-49A4-ADEC-A64EA9769544}"
EndProject
Global
	GlobalSection(SolutionConfigurationPlatforms) = preSolution
		Debug|Any CPU = Debug|Any CPU
		Release|Any CPU = Release|Any CPU
	EndGlobalSection
	GlobalSection(ProjectConfigurationPlatforms) = postSolution
		{78EE9F5F-262D-4868-9C68-81687B2D2C9C}.Debug|Any CPU.ActiveCfg = Debug|Any CPU
		{78EE9F5F-262D-4868-9C68-81687B2D2C9C}.Debug|Any CPU.Build.0 = Debug|Any CPU
		{78EE9F5F-262D-4868-9C68-81687B2D2C9C}.Release|Any CPU.ActiveCfg = Release|Any CPU
		{78EE9F5F-262D-4868-9C68-81687B2D2C9C}.Release|Any CPU.Build.0 = Release|Any CPU
		{5B0B6803-E8E6-4F39-AACC-6538E1F5B3C8}.Debug|Any CPU.ActiveCfg = Debug|Any CPU
		{5B0B6803-E8E6-4F39-AACC-6538E1F5B3C8}.Debug|Any CPU.Build.0 = Debug|Any CPU
		{5B0B6803-E8E6-4F39-AACC-6538E1F5B3C8}.Release|Any CPU.ActiveCfg = Release|Any CPU
		{5B0B6803-E8E6-4F39-AACC-6538E1F5B3C8}.Release|Any CPU.Build.0 = Release|Any CPU
		{4263A29A-6545-49A4-ADEC-A64EA9769544}.Debug|Any CPU.ActiveCfg = Debug|Any CPU
		{4263A29A-6545-49A4-ADEC-A64EA9769544}.Debug|Any CPU.Build.0 = Debug|Any CPU
		{4263A29A-6545-49A4-ADEC-A64EA9769544}.Release|Any CPU.ActiveCfg = Release|Any CPU
		{4263A29A-6545-49A4-ADEC-A64EA9769544}.Release|Any CPU.Build.0 = Release|Any CPU
	EndGlobalSection
	GlobalSection(SolutionProperties) = preSolution
		HideSolutionNode = FALSE
	EndGlobalSection
	GlobalSection(NestedProjects) = preSolution
		{78EE9F5F-262D-4868-9C68-81687B2D2C9C} = {D4A0F3E5-75A2-4A23-85EB-A79D7F794261}
		{5B0B6803-E8E6-4F39-AACC-6538E1F5B3C8} = {B5DDCC7C-7475-44C9-8604-5CFF1939B04E}
		{4263A29A-6545-49A4-ADEC-A64EA9769544} = {E98360C2-E1C7-4EEB-9D17-0A7E5FBC9676}
	EndGlobalSection
EndGlobal
